github.com/alessio/shellescape v1.4.1 h1:V7yhSDDn8LP4lc4jS8pFkt0zCnzVJlG5JXy9BVKJUX0=
github.com/alessio/shellescape v1.4.1/go.mod h1:PZAiSCk0LJaZkiCSkPv8qIobYglO3FPpyFjDCtHLS30=
github.com/bradleyjkemp/cupaloy v2.3.0+incompatible h1:UafIjBvWQmS9i/xRg+CamMrnLTKNzo+bdmT/oH34c2Y=
github.com/danieljoos/wincred v1.1.2 h1:QLdCxFs1/Yl4zduvBdcHB8goaYk9RARS2SgLLRuAyr0=
github.com/danieljoos/wincred v1.1.2/go.mod h1:GijpziifJoIBfYh+S7BbkdUTU4LfM+QnGqR5Vl2tAx0=
github.com/davecgh/go-spew v1.1.0/go.mod h1:J7Y8YcW2NihsgmVo/mv3lAwl/skON4iLHjSsI+c5H38=
github.com/davecgh/go-spew v1.1.1 h1:vj9j/u1bqnvCEfJOwUhtlOARqs3+rkHYY13jYWTU97c=
github.com/davecgh/go-spew v1.1.1/go.mod h1:J7Y8YcW2NihsgmVo/mv3lAwl/skON4iLHjSsI+c5H38=
github.com/godbus/dbus/v5 v5.1.0 h1:4KLkAxT3aOY8Li4FRJe/KvhoNFFxo0m6fNuFUO8QJUk=
github.com/godbus/dbus/v5 v5.1.0/go.mod h1:xhWf0FNVPg57R7Z0UbKHbJfkEywrmjJnf7w5xrFpKfA=
github.com/gojuno/minimock/v3 v3.1.3 h1:9jakBeOqffZvR9BGBTulphLwiUfiju1w7JspU5eX/fY=
github.com/gojuno/minimock/v3 v3.1.3/go.mod h1:WylRuaQInND/eg0HqP0/6etOdtv67AIfOgPW1z8QtKU=
github.com/google/go-cmp v0.5.9 h1:O2Tfq5qg4qc4AmwVlvv0oLiVAGB7enBSJ2x2DqQFi38=
github.com/google/go-cmp v0.5.9/go.mod h1:17dUlkBOakJ0+DkrSSNjCkIjxS6bF9zb3elmeNGIjoY=
github.com/google/subcommands v1.2.0 h1:vWQspBTo2nEqTUFita5/KeEWlUL8kQObDFbub/EN9oE=
github.com/google/subcommands v1.2.0/go.mod h1:ZjhPrFU+Olkh9WazFPsl27BQ4UPiG37m3yTrtFlrHVk=
github.com/hashicorp/go-set v0.1.9 h1:XuQSsDfOAvgRjoKWG2qg8NxVEQJMXGdrZh8BgX6O8n4=
github.com/hashicorp/go-set v0.1.9/go.mod h1:/IR7VHUqnKI+QfKkaMjZ575bf65Y8DzHRKnOobRpNcQ=
github.com/hashicorp/go-uuid v1.0.3 h1:2gKiV6YVmrJ1i2CKKa9obLvRieoRGviZFL26PcT/Co8=
github.com/hashicorp/go-uuid v1.0.3/go.mod h1:6SBZvOh/SIDV7/2o3Jml5SYk/TvGqwFJ/bN7x4byOro=
github.com/pkg/errors v0.9.1 h1:FEBLx1zS214owpjy7qsBeixbURkuhQAwrK5UwLGTwt4=
github.com/pkg/errors v0.9.1/go.mod h1:bwawxfHBFNV+L2hUp1rHADufV3IMtnDRdf1r5NINEl0=
github.com/pmezard/go-difflib v1.0.0 h1:4DBwDE0NGyQoBHbLQYPwSUPoCMWR5BEzIk/f1lZbAQM=
github.com/pmezard/go-difflib v1.0.0/go.mod h1:iKH77koFhYxTK1pcRnkKkqfTogsbg7gZNVY4sRDYZ/4=
github.com/shoenig/go-conceal v0.4.1 h1:THZ4N2vWIhGvXARoZE1MafptDDrpw70q9tKeqg1RaZU=
github.com/shoenig/go-conceal v0.4.1/go.mod h1:TVpH0H5i3AQV62NhN+SWAwElHEVSq6I9uH5A6hAQJFU=
github.com/shoenig/ignore v0.4.0 h1:qPOWs0slbPMtenC0H3cKvu5Kn3hQFTE3yK6YJvyNDlA=
github.com/shoenig/ignore v0.4.0/go.mod h1:VF91FoiYAwXq4KinOq6zP5xfFw/Ib6MfftaGKYTpmwo=
github.com/shoenig/regexplus v0.3.0 h1:+eJZ5P4y1IY4+NgkIIvIqqdG/uYRBuSg4vWUjEppLcY=
github.com/shoenig/regexplus v0.3.0/go.mod h1:AT46KcYMK7iD/drPHdFtmB42TetxBe5S/O3vMGPa5cw=
github.com/shoenig/test v0.6.3 h1:GVXWJFk9PiOjN0KoJ7VrJGH6uLPnqxR7/fe3HUPfE0c=
github.com/shoenig/test v0.6.3/go.mod h1:byHiCGXqrVaflBLAMq/srcZIHynQPQgeyvkvXnjqq0k=
github.com/stretchr/objx v0.1.0 h1:4G4v2dO3VZwixGIRoQ5Lfboy6nUhCyYzaqnIAPPhYs4=
github.com/stretchr/objx v0.1.0/go.mod h1:HFkY916IF+rwdDfMAkV7OtwuqBVzrE8GR6GFx+wExME=
github.com/stretchr/testify v1.7.0/go.mod h1:6Fq8oRcR53rry900zMqJjRRixrwX3KX962/h/Wwjteg=
github.com/stretchr/testify v1.8.1 h1:w7B6lhMri9wdJUVmEZPGGhZzrYTPvgJArz7wNPgYKsk=
github.com/zalando/go-keyring v0.2.2 h1:f0xmpYiSrHtSNAVgwip93Cg8tuF45HJM6rHq/A5RI/4=
github.com/zalando/go-keyring v0.2.2/go.mod h1:sI3evg9Wvpw3+n4SqplGSJUMwtDeROfD4nsFz4z9PG0=
go.etcd.io/bbolt v1.3.7 h1:j+zJOnnEjF/kyHlDDgGnVL/AIqIJPq8UoB2GSNfkUfQ=
go.etcd.io/bbolt v1.3.7/go.mod h1:N9Mkw9X8x5fupy0IKsmuqVtoGDyxsaDlbk4Rd05IAQw=
golang.org/x/exp v0.0.0-20230321023759-10a507213a29 h1:ooxPy7fPvB4kwsA2h+iBNHkAbp/4JxTSwCmvdjEYmug=
golang.org/x/exp v0.0.0-20230321023759-10a507213a29/go.mod h1:CxIveKay+FTh1D0yPZemJVgC/95VzuuOLq5Qi4xnoYc=
golang.org/x/sys v0.0.0-20210819135213-f52c844e1c1c/go.mod h1:oPkhp1MJrh7nUepCBck5+mAzfO9JrbApNNgaTdGDITg=
golang.org/x/sys v0.6.0 h1:MVltZSvRTcU2ljQOhs94SXPftV6DCNnZViHeQps87pQ=
golang.org/x/sys v0.6.0/go.mod h1:oPkhp1MJrh7nUepCBck5+mAzfO9JrbApNNgaTdGDITg=
gopkg.in/check.v1 v0.0.0-20161208181325-20d25e280405/go.mod h1:Co6ibVJAznAaIkqp8huTwlJQCZ016jof/cbN4VW5Yz0=
gopkg.in/yaml.v3 v3.0.0-20200313102051-9f266ea9e77c/go.mod h1:K4uyk7z7BCEPqu6E+C64Yfv1cQ7kz7rIZviUmN+EgEM=
gopkg.in/yaml.v3 v3.0.1 h1:fxVm/GzAzEWqLHuvctI91KS9hhNmmWOoWu0XTYJS7CA=
