github.com/alessio/shellescape v1.4.2 h1:MHPfaU+ddJ0/bYWpgIeUnQUqKrlJ1S7BfEYPM4uEoM0=
github.com/alessio/shellescape v1.4.2/go.mod h1:PZAiSCk0LJaZkiCSkPv8qIobYglO3FPpyFjDCtHLS30=
github.com/danieljoos/wincred v1.2.2 h1:774zMFJrqaeYCK2W57BgAem/MLi6mtSE47MB6BOJ0i0=
github.com/danieljoos/wincred v1.2.2/go.mod h1:w7w4Utbrz8lqeMbDAK0lkNJUv5sAOkFi7nd/ogr0Uh8=
github.com/davecgh/go-spew v1.1.1 h1:vj9j/u1bqnvCEfJOwUhtlOARqs3+rkHYY13jYWTU97c=
github.com/davecgh/go-spew v1.1.1/go.mod h1:J7Y8YcW2NihsgmVo/mv3lAwl/skON4iLHjSsI+c5H38=
github.com/godbus/dbus/v5 v5.1.0 h1:4KLkAxT3aOY8Li4FRJe/KvhoNFFxo0m6fNuFUO8QJUk=
github.com/godbus/dbus/v5 v5.1.0/go.mod h1:xhWf0FNVPg57R7Z0UbKHbJfkEywrmjJnf7w5xrFpKfA=
github.com/gojuno/minimock/v3 v3.3.14 h1:tUzeohWMvJpz3ZXURPdARtGPsryV25ac8uFJIeucFzo=
github.com/gojuno/minimock/v3 v3.3.14/go.mod h1:lCxxcyH/BqkeMxE9h00ySVVZtRrsBzqd4UAQueQ0ru0=
github.com/google/go-cmp v0.6.0 h1:ofyhxvXcZhMsU5ulbFiLKl/XBFqE1GSq7atu8tAmTRI=
github.com/google/go-cmp v0.6.0/go.mod h1:17dUlkBOakJ0+DkrSSNjCkIjxS6bF9zb3elmeNGIjoY=
github.com/hashicorp/go-set/v3 v3.0.0-alpha.1 h1:dPUtuqKJGgxtF7YO42oE+NdUONXi5nfLMKH2NpBffIM=
github.com/hashicorp/go-set/v3 v3.0.0-alpha.1/go.mod h1:7bJRgsF3EL3AtRTzcKXdjAFbYGSef+1gHXhglGGO52k=
github.com/hashicorp/go-uuid v1.0.3 h1:2gKiV6YVmrJ1i2CKKa9obLvRieoRGviZFL26PcT/Co8=
github.com/hashicorp/go-uuid v1.0.3/go.mod h1:6SBZvOh/SIDV7/2o3Jml5SYk/TvGqwFJ/bN7x4byOro=
github.com/pkg/errors v0.9.1 h1:FEBLx1zS214owpjy7qsBeixbURkuhQAwrK5UwLGTwt4=
github.com/pkg/errors v0.9.1/go.mod h1:bwawxfHBFNV+L2hUp1rHADufV3IMtnDRdf1r5NINEl0=
github.com/pmezard/go-difflib v1.0.0 h1:4DBwDE0NGyQoBHbLQYPwSUPoCMWR5BEzIk/f1lZbAQM=
github.com/pmezard/go-difflib v1.0.0/go.mod h1:iKH77koFhYxTK1pcRnkKkqfTogsbg7gZNVY4sRDYZ/4=
github.com/shoenig/go-conceal v0.5.4 h1:xLzarDUw3vUJjz+DirzO58yijkX4I9F1KA+RPZMLGLY=
github.com/shoenig/go-conceal v0.5.4/go.mod h1:LXmjZn/bO1Nrtvfex4VNbKViVE+aMhVvskZx8o7HBfs=
github.com/shoenig/ignore v0.4.0 h1:qPOWs0slbPMtenC0H3cKvu5Kn3hQFTE3yK6YJvyNDlA=
github.com/shoenig/ignore v0.4.0/go.mod h1:VF91FoiYAwXq4KinOq6zP5xfFw/Ib6MfftaGKYTpmwo=
github.com/shoenig/regexplus v0.3.0 h1:+eJZ5P4y1IY4+NgkIIvIqqdG/uYRBuSg4vWUjEppLcY=
github.com/shoenig/regexplus v0.3.0/go.mod h1:AT46KcYMK7iD/drPHdFtmB42TetxBe5S/O3vMGPa5cw=
github.com/shoenig/test v1.9.1 h1:oO841L4cjcOd+wp+EZTqGGghT8pe6mXW9iHZLlNG9gg=
github.com/shoenig/test v1.9.1/go.mod h1:UxJ6u/x2v/TNs/LoLxBNJRV9DiwBBKYxXSyczsBHFoI=
github.com/stretchr/objx v0.5.2 h1:xuMeJ0Sdp5ZMRXx/aWO6RZxdr3beISkG5/G/aIRr3pY=
github.com/stretchr/objx v0.5.2/go.mod h1:FRsXN1f5AsAjCGJKqEizvkpNtU+EGNCLh3NxZ/8L+MA=
github.com/stretchr/testify v1.9.0 h1:HtqpIVDClZ4nwg75+f6Lvsy/wHu+3BoSGCbBAcpTsTg=
github.com/stretchr/testify v1.9.0/go.mod h1:r2ic/lqez/lEtzL7wO/rwa5dbSLXVDPFyf8C91i36aY=
github.com/zalando/go-keyring v0.2.5 h1:Bc2HHpjALryKD62ppdEzaFG6VxL6Bc+5v0LYpN8Lba8=
github.com/zalando/go-keyring v0.2.5/go.mod h1:HL4k+OXQfJUWaMnqyuSOc0drfGPX2b51Du6K+MRgZMk=
go.etcd.io/bbolt v1.3.11 h1:yGEzV1wPz2yVCLsD8ZAiGHhHVlczyC9d1rP43/VCRJ0=
go.etcd.io/bbolt v1.3.11/go.mod h1:dksAq7YMXoljX0xu6VF5DMZGbhYYoLUalEiSySYAS4I=
golang.org/x/sync v0.5.0 h1:60k92dhOjHxJkrqnwsfl8KuaHbn/5dl0lUPUklKo3qE=
golang.org/x/sync v0.5.0/go.mod h1:Czt+wKu1gCyEFDUtn0jG5QVvpJ6rzVqr5aXyt9drQfk=
golang.org/x/sys v0.24.0 h1:Twjiwq9dn6R1fQcyiK+wQyHWfaz/BJB+YIpzU/Cv3Xg=
golang.org/x/sys v0.24.0/go.mod h1:/VUhepiaJMQUp4+oa/7Zr1D23ma6VTLIYjOOTFZPUcA=
gopkg.in/yaml.v3 v3.0.1 h1:fxVm/GzAzEWqLHuvctI91KS9hhNmmWOoWu0XTYJS7CA=
gopkg.in/yaml.v3 v3.0.1/go.mod h1:K4uyk7z7BCEPqu6E+C64Yfv1cQ7kz7rIZviUmN+EgEM=
noxide.lol/go/babycli v0.1.4 h1:gdgpLn1ydzy7VK3ZQAIbHnnPk1yHfyd6OYLo9UsWulY=
noxide.lol/go/babycli v0.1.4/go.mod h1:WatWwUui1Zf1KtSz4EzLtOkGkljrhOFfXfLHVoBRDj4=
noxide.lol/go/stacks v1.0.0 h1:g4MPkizQF/6B3u1ejGxWDIjL1zM/MSHMzoS1DEZTOWY=
noxide.lol/go/stacks v1.0.0/go.mod h1:rwC8UA5l8uwwfRNAKuBSI+7hpP8ilJVK3gozAn7vjzM=
