cattlecloud.net/go/babycli v0.2.0 h1:niw4uPiFQT7bekq8OJ3LoiIsz2B7L6EZcO+esMx9AP0=
cattlecloud.net/go/babycli v0.2.0/go.mod h1:IhC9GNNMMlDr5sx/lMFBDa1d7jvkI1sluTPsKbpvoAU=
cattlecloud.net/go/stacks v1.1.2 h1:sr4bYJBh1Y14js/ZSA8F0dRJO+Bf3SLGvkgIBngDu1I=
cattlecloud.net/go/stacks v1.1.2/go.mod h1:FvyB+rT9qnhvNz9ZmP7xuueS130Q85TXJdd+xqVbSK8=
github.com/danieljoos/wincred v1.2.3 h1:v7dZC2x32Ut3nEfRH+vhoZGvN72+dQ/snVXo/vMFLdQ=
github.com/danieljoos/wincred v1.2.3/go.mod h1:6qqX0WNrS4RzPZ1tnroDzq9kY3fu1KwE7MRLQK4X0bs=
github.com/davecgh/go-spew v1.1.1 h1:vj9j/u1bqnvCEfJOwUhtlOARqs3+rkHYY13jYWTU97c=
github.com/davecgh/go-spew v1.1.1/go.mod h1:J7Y8YcW2NihsgmVo/mv3lAwl/skON4iLHjSsI+c5H38=
github.com/godbus/dbus/v5 v5.2.2 h1:TUR3TgtSVDmjiXOgAAyaZbYmIeP3DPkld3jgKGV8mXQ=
github.com/godbus/dbus/v5 v5.2.2/go.mod h1:3AAv2+hPq5rdnr5txxxRwiGjPXamgoIHgz9FPBfOp3c=
github.com/gojuno/minimock/v3 v3.4.7 h1:vhE5zpniyPDRT0DXd5s3DbtZJVlcbmC5k80izYtj9lY=
github.com/gojuno/minimock/v3 v3.4.7/go.mod h1:QxJk4mdPrVyYUmEZGc2yD2NONpqM/j4dWhsy9twjFHg=
github.com/google/go-cmp v0.7.0 h1:wk8382ETsv4JYUZwIsn6YpYiWiBsYLSJiTsyBybVuN8=
github.com/google/go-cmp v0.7.0/go.mod h1:pXiqmnSA92OHEEa9HXL2W4E7lf9JzCmGVUdgjX3N/iU=
github.com/hashicorp/go-set/v3 v3.0.1 h1:ZwO15ZYmIrFYL9zSm2wBuwcRiHxVdp46m/XA/MUlM6I=
github.com/hashicorp/go-set/v3 v3.0.1/go.mod h1:0oPQqhtitglZeT2ZiWnRIfUG6gJAHnn7LzrS7SbgNY4=
github.com/hashicorp/go-uuid v1.0.3 h1:2gKiV6YVmrJ1i2CKKa9obLvRieoRGviZFL26PcT/Co8=
github.com/hashicorp/go-uuid v1.0.3/go.mod h1:6SBZvOh/SIDV7/2o3Jml5SYk/TvGqwFJ/bN7x4byOro=
github.com/pkg/errors v0.9.1 h1:FEBLx1zS214owpjy7qsBeixbURkuhQAwrK5UwLGTwt4=
github.com/pkg/errors v0.9.1/go.mod h1:bwawxfHBFNV+L2hUp1rHADufV3IMtnDRdf1r5NINEl0=
github.com/pmezard/go-difflib v1.0.0 h1:4DBwDE0NGyQoBHbLQYPwSUPoCMWR5BEzIk/f1lZbAQM=
github.com/pmezard/go-difflib v1.0.0/go.mod h1:iKH77koFhYxTK1pcRnkKkqfTogsbg7gZNVY4sRDYZ/4=
github.com/shoenig/go-conceal v0.5.4 h1:xLzarDUw3vUJjz+DirzO58yijkX4I9F1KA+RPZMLGLY=
github.com/shoenig/go-conceal v0.5.4/go.mod h1:LXmjZn/bO1Nrtvfex4VNbKViVE+aMhVvskZx8o7HBfs=
github.com/shoenig/regexplus v0.3.0 h1:+eJZ5P4y1IY4+NgkIIvIqqdG/uYRBuSg4vWUjEppLcY=
github.com/shoenig/regexplus v0.3.0/go.mod h1:AT46KcYMK7iD/drPHdFtmB42TetxBe5S/O3vMGPa5cw=
github.com/shoenig/test v1.13.2 h1:SaGxHxg7xkRuKuNtuFmHf0LgNGaAgcBT7HN4WHCKfqU=
github.com/shoenig/test v1.13.2/go.mod h1:MKmiRyEeuFl8y9PCoThaRDgYQZeWBhRQlH99poXz5LI=
github.com/stretchr/objx v0.5.2 h1:xuMeJ0Sdp5ZMRXx/aWO6RZxdr3beISkG5/G/aIRr3pY=
github.com/stretchr/objx v0.5.2/go.mod h1:FRsXN1f5AsAjCGJKqEizvkpNtU+EGNCLh3NxZ/8L+MA=
github.com/stretchr/testify v1.11.1 h1:7s2iGBzp5EwR7/aIZr8ao5+dra3wiQyKjjFuvgVKu7U=
github.com/stretchr/testify v1.11.1/go.mod h1:wZwfW3scLgRK+23gO65QZefKpKQRnfz6sD981Nm4B6U=
github.com/zalando/go-keyring v0.2.8 h1:6sD/Ucpl7jNq10rM2pgqTs0sZ9V3qMrqfIIy5YPccHs=
github.com/zalando/go-keyring v0.2.8/go.mod h1:tsMo+VpRq5NGyKfxoBVjCuMrG47yj8cmakZDO5QGii0=
go.etcd.io/bbolt v1.4.3 h1:dEadXpI6G79deX5prL3QRNP6JB8UxVkqo4UPnHaNXJo=
go.etcd.io/bbolt v1.4.3/go.mod h1:tKQlpPaYCVFctUIgFKFnAlvbmB3tpy1vkTnDWohtc0E=
golang.org/x/sync v0.16.0 h1:ycBJEhp9p4vXvUZNszeOq0kGTPghopOL8q0fq3vstxw=
golang.org/x/sync v0.16.0/go.mod h1:1dzgHSNfp02xaA81J2MS99Qcpr2w7fw1gpm99rleRqA=
golang.org/x/sys v0.42.0 h1:omrd2nAlyT5ESRdCLYdm3+fMfNFE/+Rf4bDIQImRJeo=
golang.org/x/sys v0.42.0/go.mod h1:4GL1E5IUh+htKOUEOaiffhrAeqysfVGipDYzABqnCmw=
gopkg.in/yaml.v3 v3.0.1 h1:fxVm/GzAzEWqLHuvctI91KS9hhNmmWOoWu0XTYJS7CA=
gopkg.in/yaml.v3 v3.0.1/go.mod h1:K4uyk7z7BCEPqu6E+C64Yfv1cQ7kz7rIZviUmN+EgEM=
